
Microsoft Visual Studio Solution File, Format Version 12.00
# Visual Studio 14
VisualStudioVersion = 14.0.25420.1
MinimumVisualStudioVersion = 10.0.40219.1
Project("{159641D6-6404-4A2A-AE62-294DE0FE8301}") = "SSIS_DataVerFreamwork", "SSIS_DataVerFreamwork\SSIS_DataVerFreamwork.dtproj", "{BB18C957-5170-46D0-852D-B754BE1106E1}"
EndProject
Global
	GlobalSection(SolutionConfigurationPlatforms) = preSolution
		Debug|Any CPU = Debug|Any CPU
		Development|Any CPU = Development|Any CPU
		Release|Any CPU = Release|Any CPU
	EndGlobalSection
	GlobalSection(ProjectConfigurationPlatforms) = postSolution
		{BB18C957-5170-46D0-852D-B754BE1106E1}.Debug|Any CPU.ActiveCfg = Development
		{BB18C957-5170-46D0-852D-B754BE1106E1}.Debug|Any CPU.Build.0 = Development
		{BB18C957-5170-46D0-852D-B754BE1106E1}.Development|Any CPU.ActiveCfg = Development
		{BB18C957-5170-46D0-852D-B754BE1106E1}.Development|Any CPU.Build.0 = Development
		{BB18C957-5170-46D0-852D-B754BE1106E1}.Release|Any CPU.ActiveCfg = Development
		{BB18C957-5170-46D0-852D-B754BE1106E1}.Release|Any CPU.Build.0 = Development
	EndGlobalSection
	GlobalSection(SolutionProperties) = preSolution
		HideSolutionNode = FALSE
	EndGlobalSection
EndGlobal
